
Microsoft Visual Studio Solution File, Format Version 12.00
Project("{FAE04EC0-301F-11D3-BF4B-00C04F79EFBC}") = "TicketBookingCore.Tests", "TicketBookingCore.Tests\TicketBookingCore.Tests.csproj", "{A0B4C845-DE7B-4483-B1CC-FC1A4C4CF26E}"
EndProject
Project("{FAE04EC0-301F-11D3-BF4B-00C04F79EFBC}") = "TicketBookingCore", "TicketBookingCore\TicketBookingCore.csproj", "{3DF217CE-9AFF-4AF0-8FD1-34699F5CCC93}"
EndProject
Global
	GlobalSection(SolutionConfigurationPlatforms) = preSolution
		Debug|Any CPU = Debug|Any CPU
		Release|Any CPU = Release|Any CPU
	EndGlobalSection
	GlobalSection(ProjectConfigurationPlatforms) = postSolution
		{A0B4C845-DE7B-4483-B1CC-FC1A4C4CF26E}.Debug|Any CPU.ActiveCfg = Debug|Any CPU
		{A0B4C845-DE7B-4483-B1CC-FC1A4C4CF26E}.Debug|Any CPU.Build.0 = Debug|Any CPU
		{A0B4C845-DE7B-4483-B1CC-FC1A4C4CF26E}.Release|Any CPU.ActiveCfg = Release|Any CPU
		{A0B4C845-DE7B-4483-B1CC-FC1A4C4CF26E}.Release|Any CPU.Build.0 = Release|Any CPU
		{3DF217CE-9AFF-4AF0-8FD1-34699F5CCC93}.Debug|Any CPU.ActiveCfg = Debug|Any CPU
		{3DF217CE-9AFF-4AF0-8FD1-34699F5CCC93}.Debug|Any CPU.Build.0 = Debug|Any CPU
		{3DF217CE-9AFF-4AF0-8FD1-34699F5CCC93}.Release|Any CPU.ActiveCfg = Release|Any CPU
		{3DF217CE-9AFF-4AF0-8FD1-34699F5CCC93}.Release|Any CPU.Build.0 = Release|Any CPU
	EndGlobalSection
EndGlobal
